// !$*UTF8*$!
{
	archiveVersion = 1;
	classes = {
	};
	objectVersion = 46;
	objects = {

/* Begin PBXBuildFile section */
		C214065C19BE37BA002A64A3 /* sample.jpg in Resources */ = {isa = PBXBuildFile; fileRef = C214065B19BE37BA002A64A3 /* sample.jpg */; };
		C220E33B1A6F1C7C0078C098 /* UIImage+SLDub.m in Sources */ = {isa = PBXBuildFile; fileRef = C220E33A1A6F1C7C0078C098 /* UIImage+SLDub.m */; };
		C220E33D1A6F221F0078C098 /* big-drawn-circle@2x.png in Resources */ = {isa = PBXBuildFile; fileRef = C220E33C1A6F221F0078C098 /* big-drawn-circle@2x.png */; };
		C2551B8619BE1A2600A2D2E4 /* Foundation.framework in Frameworks */ = {isa = PBXBuildFile; fileRef = C2551B8519BE1A2600A2D2E4 /* Foundation.framework */; };
		C2551B8819BE1A2600A2D2E4 /* CoreGraphics.framework in Frameworks */ = {isa = PBXBuildFile; fileRef = C2551B8719BE1A2600A2D2E4 /* CoreGraphics.framework */; };
		C2551B8A19BE1A2600A2D2E4 /* UIKit.framework in Frameworks */ = {isa = PBXBuildFile; fileRef = C2551B8919BE1A2600A2D2E4 /* UIKit.framework */; };
		C2551B9019BE1A2600A2D2E4 /* InfoPlist.strings in Resources */ = {isa = PBXBuildFile; fileRef = C2551B8E19BE1A2600A2D2E4 /* InfoPlist.strings */; };
		C2551B9219BE1A2600A2D2E4 /* main.m in Sources */ = {isa = PBXBuildFile; fileRef = C2551B9119BE1A2600A2D2E4 /* main.m */; };
		C2551B9619BE1A2600A2D2E4 /* SLAppDelegate.m in Sources */ = {isa = PBXBuildFile; fileRef = C2551B9519BE1A2600A2D2E4 /* SLAppDelegate.m */; };
		C2551B9F19BE1A2600A2D2E4 /* SLViewController.m in Sources */ = {isa = PBXBuildFile; fileRef = C2551B9E19BE1A2600A2D2E4 /* SLViewController.m */; };
		C2551BA119BE1A2600A2D2E4 /* Images.xcassets in Resources */ = {isa = PBXBuildFile; fileRef = C2551BA019BE1A2600A2D2E4 /* Images.xcassets */; };
		C2551BA819BE1A2600A2D2E4 /* XCTest.framework in Frameworks */ = {isa = PBXBuildFile; fileRef = C2551BA719BE1A2600A2D2E4 /* XCTest.framework */; };
		C2551BA919BE1A2600A2D2E4 /* Foundation.framework in Frameworks */ = {isa = PBXBuildFile; fileRef = C2551B8519BE1A2600A2D2E4 /* Foundation.framework */; };
		C2551BAA19BE1A2600A2D2E4 /* UIKit.framework in Frameworks */ = {isa = PBXBuildFile; fileRef = C2551B8919BE1A2600A2D2E4 /* UIKit.framework */; };
		C2551BB219BE1A2600A2D2E4 /* InfoPlist.strings in Resources */ = {isa = PBXBuildFile; fileRef = C2551BB019BE1A2600A2D2E4 /* InfoPlist.strings */; };
		C2551BB419BE1A2600A2D2E4 /* SLDub_ExampleTests.m in Sources */ = {isa = PBXBuildFile; fileRef = C2551BB319BE1A2600A2D2E4 /* SLDub_ExampleTests.m */; };
		C2551BC819BE1D8900A2D2E4 /* SLDubView.m in Sources */ = {isa = PBXBuildFile; fileRef = C2551BC419BE1D8900A2D2E4 /* SLDubView.m */; };
		C2551BC919BE1D8900A2D2E4 /* SLDubItem.m in Sources */ = {isa = PBXBuildFile; fileRef = C2551BC619BE1D8900A2D2E4 /* SLDubItem.m */; };
		C2C1FF141A717858001E070E /* SLDubImagePunch.m in Sources */ = {isa = PBXBuildFile; fileRef = C2C1FF131A717858001E070E /* SLDubImagePunch.m */; };
/* End PBXBuildFile section */

/* Begin PBXContainerItemProxy section */
		C2551BAB19BE1A2600A2D2E4 /* PBXContainerItemProxy */ = {
			isa = PBXContainerItemProxy;
			containerPortal = C2551B7A19BE1A2600A2D2E4 /* Project object */;
			proxyType = 1;
			remoteGlobalIDString = C2551B8119BE1A2600A2D2E4;
			remoteInfo = "SLDub-Example";
		};
/* End PBXContainerItemProxy section */

/* Begin PBXFileReference section */
		C214065B19BE37BA002A64A3 /* sample.jpg */ = {isa = PBXFileReference; lastKnownFileType = image.jpeg; path = sample.jpg; sourceTree = "<group>"; };
		C220E3391A6F1C7C0078C098 /* UIImage+SLDub.h */ = {isa = PBXFileReference; fileEncoding = 4; lastKnownFileType = sourcecode.c.h; path = "UIImage+SLDub.h"; sourceTree = "<group>"; };
		C220E33A1A6F1C7C0078C098 /* UIImage+SLDub.m */ = {isa = PBXFileReference; fileEncoding = 4; lastKnownFileType = sourcecode.c.objc; path = "UIImage+SLDub.m"; sourceTree = "<group>"; };
		C220E33C1A6F221F0078C098 /* big-drawn-circle@2x.png */ = {isa = PBXFileReference; lastKnownFileType = image.png; path = "big-drawn-circle@2x.png"; sourceTree = "<group>"; };
		C2551B8219BE1A2600A2D2E4 /* SLDub-Example.app */ = {isa = PBXFileReference; explicitFileType = wrapper.application; includeInIndex = 0; path = "SLDub-Example.app"; sourceTree = BUILT_PRODUCTS_DIR; };
		C2551B8519BE1A2600A2D2E4 /* Foundation.framework */ = {isa = PBXFileReference; lastKnownFileType = wrapper.framework; name = Foundation.framework; path = System/Library/Frameworks/Foundation.framework; sourceTree = SDKROOT; };
		C2551B8719BE1A2600A2D2E4 /* CoreGraphics.framework */ = {isa = PBXFileReference; lastKnownFileType = wrapper.framework; name = CoreGraphics.framework; path = System/Library/Frameworks/CoreGraphics.framework; sourceTree = SDKROOT; };
		C2551B8919BE1A2600A2D2E4 /* UIKit.framework */ = {isa = PBXFileReference; lastKnownFileType = wrapper.framework; name = UIKit.framework; path = System/Library/Frameworks/UIKit.framework; sourceTree = SDKROOT; };
		C2551B8D19BE1A2600A2D2E4 /* SLDub-Example-Info.plist */ = {isa = PBXFileReference; lastKnownFileType = text.plist.xml; path = "SLDub-Example-Info.plist"; sourceTree = "<group>"; };
		C2551B8F19BE1A2600A2D2E4 /* en */ = {isa = PBXFileReference; lastKnownFileType = text.plist.strings; name = en; path = en.lproj/InfoPlist.strings; sourceTree = "<group>"; };
		C2551B9119BE1A2600A2D2E4 /* main.m */ = {isa = PBXFileReference; lastKnownFileType = sourcecode.c.objc; path = main.m; sourceTree = "<group>"; };
		C2551B9319BE1A2600A2D2E4 /* SLDub-Example-Prefix.pch */ = {isa = PBXFileReference; lastKnownFileType = sourcecode.c.h; path = "SLDub-Example-Prefix.pch"; sourceTree = "<group>"; };
		C2551B9419BE1A2600A2D2E4 /* SLAppDelegate.h */ = {isa = PBXFileReference; lastKnownFileType = sourcecode.c.h; path = SLAppDelegate.h; sourceTree = "<group>"; };
		C2551B9519BE1A2600A2D2E4 /* SLAppDelegate.m */ = {isa = PBXFileReference; lastKnownFileType = sourcecode.c.objc; path = SLAppDelegate.m; sourceTree = "<group>"; };
		C2551B9D19BE1A2600A2D2E4 /* SLViewController.h */ = {isa = PBXFileReference; lastKnownFileType = sourcecode.c.h; path = SLViewController.h; sourceTree = "<group>"; };
		C2551B9E19BE1A2600A2D2E4 /* SLViewController.m */ = {isa = PBXFileReference; lastKnownFileType = sourcecode.c.objc; path = SLViewController.m; sourceTree = "<group>"; };
		C2551BA019BE1A2600A2D2E4 /* Images.xcassets */ = {isa = PBXFileReference; lastKnownFileType = folder.assetcatalog; path = Images.xcassets; sourceTree = "<group>"; };
		C2551BA619BE1A2600A2D2E4 /* SLDub-ExampleTests.xctest */ = {isa = PBXFileReference; explicitFileType = wrapper.cfbundle; includeInIndex = 0; path = "SLDub-ExampleTests.xctest"; sourceTree = BUILT_PRODUCTS_DIR; };
		C2551BA719BE1A2600A2D2E4 /* XCTest.framework */ = {isa = PBXFileReference; lastKnownFileType = wrapper.framework; name = XCTest.framework; path = Library/Frameworks/XCTest.framework; sourceTree = DEVELOPER_DIR; };
		C2551BAF19BE1A2600A2D2E4 /* SLDub-ExampleTests-Info.plist */ = {isa = PBXFileReference; lastKnownFileType = text.plist.xml; path = "SLDub-ExampleTests-Info.plist"; sourceTree = "<group>"; };
		C2551BB119BE1A2600A2D2E4 /* en */ = {isa = PBXFileReference; lastKnownFileType = text.plist.strings; name = en; path = en.lproj/InfoPlist.strings; sourceTree = "<group>"; };
		C2551BB319BE1A2600A2D2E4 /* SLDub_ExampleTests.m */ = {isa = PBXFileReference; lastKnownFileType = sourcecode.c.objc; path = SLDub_ExampleTests.m; sourceTree = "<group>"; };
		C2551BC319BE1D8900A2D2E4 /* SLDubView.h */ = {isa = PBXFileReference; fileEncoding = 4; lastKnownFileType = sourcecode.c.h; path = SLDubView.h; sourceTree = "<group>"; };
		C2551BC419BE1D8900A2D2E4 /* SLDubView.m */ = {isa = PBXFileReference; fileEncoding = 4; lastKnownFileType = sourcecode.c.objc; path = SLDubView.m; sourceTree = "<group>"; };
		C2551BC519BE1D8900A2D2E4 /* SLDubItem.h */ = {isa = PBXFileReference; fileEncoding = 4; lastKnownFileType = sourcecode.c.h; path = SLDubItem.h; sourceTree = "<group>"; };
		C2551BC619BE1D8900A2D2E4 /* SLDubItem.m */ = {isa = PBXFileReference; fileEncoding = 4; lastKnownFileType = sourcecode.c.objc; path = SLDubItem.m; sourceTree = "<group>"; };
		C2551BC719BE1D8900A2D2E4 /* SLDub.h */ = {isa = PBXFileReference; fileEncoding = 4; lastKnownFileType = sourcecode.c.h; path = SLDub.h; sourceTree = "<group>"; };
		C2C1FF121A717858001E070E /* SLDubImagePunch.h */ = {isa = PBXFileReference; fileEncoding = 4; lastKnownFileType = sourcecode.c.h; path = SLDubImagePunch.h; sourceTree = "<group>"; };
		C2C1FF131A717858001E070E /* SLDubImagePunch.m */ = {isa = PBXFileReference; fileEncoding = 4; lastKnownFileType = sourcecode.c.objc; path = SLDubImagePunch.m; sourceTree = "<group>"; };
/* End PBXFileReference section */

/* Begin PBXFrameworksBuildPhase section */
		C2551B7F19BE1A2600A2D2E4 /* Frameworks */ = {
			isa = PBXFrameworksBuildPhase;
			buildActionMask = 2147483647;
			files = (
				C2551B8819BE1A2600A2D2E4 /* CoreGraphics.framework in Frameworks */,
				C2551B8A19BE1A2600A2D2E4 /* UIKit.framework in Frameworks */,
				C2551B8619BE1A2600A2D2E4 /* Foundation.framework in Frameworks */,
			);
			runOnlyForDeploymentPostprocessing = 0;
		};
		C2551BA319BE1A2600A2D2E4 /* Frameworks */ = {
			isa = PBXFrameworksBuildPhase;
			buildActionMask = 2147483647;
			files = (
				C2551BA819BE1A2600A2D2E4 /* XCTest.framework in Frameworks */,
				C2551BAA19BE1A2600A2D2E4 /* UIKit.framework in Frameworks */,
				C2551BA919BE1A2600A2D2E4 /* Foundation.framework in Frameworks */,
			);
			runOnlyForDeploymentPostprocessing = 0;
		};
/* End PBXFrameworksBuildPhase section */

/* Begin PBXGroup section */
		C2551B7919BE1A2600A2D2E4 = {
			isa = PBXGroup;
			children = (
				C2551BC219BE1D8900A2D2E4 /* SLDub */,
				C2551B8B19BE1A2600A2D2E4 /* SLDub-Example */,
				C2551BAD19BE1A2600A2D2E4 /* SLDub-ExampleTests */,
				C2551B8419BE1A2600A2D2E4 /* Frameworks */,
				C2551B8319BE1A2600A2D2E4 /* Products */,
			);
			sourceTree = "<group>";
		};
		C2551B8319BE1A2600A2D2E4 /* Products */ = {
			isa = PBXGroup;
			children = (
				C2551B8219BE1A2600A2D2E4 /* SLDub-Example.app */,
				C2551BA619BE1A2600A2D2E4 /* SLDub-ExampleTests.xctest */,
			);
			name = Products;
			sourceTree = "<group>";
		};
		C2551B8419BE1A2600A2D2E4 /* Frameworks */ = {
			isa = PBXGroup;
			children = (
				C2551B8519BE1A2600A2D2E4 /* Foundation.framework */,
				C2551B8719BE1A2600A2D2E4 /* CoreGraphics.framework */,
				C2551B8919BE1A2600A2D2E4 /* UIKit.framework */,
				C2551BA719BE1A2600A2D2E4 /* XCTest.framework */,
			);
			name = Frameworks;
			sourceTree = "<group>";
		};
		C2551B8B19BE1A2600A2D2E4 /* SLDub-Example */ = {
			isa = PBXGroup;
			children = (
				C2551B9419BE1A2600A2D2E4 /* SLAppDelegate.h */,
				C2551B9519BE1A2600A2D2E4 /* SLAppDelegate.m */,
				C2551B9D19BE1A2600A2D2E4 /* SLViewController.h */,
				C2551B9E19BE1A2600A2D2E4 /* SLViewController.m */,
				C2551BA019BE1A2600A2D2E4 /* Images.xcassets */,
				C2551B8C19BE1A2600A2D2E4 /* Supporting Files */,
			);
			path = "SLDub-Example";
			sourceTree = "<group>";
		};
		C2551B8C19BE1A2600A2D2E4 /* Supporting Files */ = {
			isa = PBXGroup;
			children = (
				C220E33C1A6F221F0078C098 /* big-drawn-circle@2x.png */,
				C214065B19BE37BA002A64A3 /* sample.jpg */,
				C2551B8D19BE1A2600A2D2E4 /* SLDub-Example-Info.plist */,
				C2551B8E19BE1A2600A2D2E4 /* InfoPlist.strings */,
				C2551B9119BE1A2600A2D2E4 /* main.m */,
				C2551B9319BE1A2600A2D2E4 /* SLDub-Example-Prefix.pch */,
			);
			name = "Supporting Files";
			sourceTree = "<group>";
		};
		C2551BAD19BE1A2600A2D2E4 /* SLDub-ExampleTests */ = {
			isa = PBXGroup;
			children = (
				C2551BB319BE1A2600A2D2E4 /* SLDub_ExampleTests.m */,
				C2551BAE19BE1A2600A2D2E4 /* Supporting Files */,
			);
			path = "SLDub-ExampleTests";
			sourceTree = "<group>";
		};
		C2551BAE19BE1A2600A2D2E4 /* Supporting Files */ = {
			isa = PBXGroup;
			children = (
				C2551BAF19BE1A2600A2D2E4 /* SLDub-ExampleTests-Info.plist */,
				C2551BB019BE1A2600A2D2E4 /* InfoPlist.strings */,
			);
			name = "Supporting Files";
			sourceTree = "<group>";
		};
		C2551BC219BE1D8900A2D2E4 /* SLDub */ = {
			isa = PBXGroup;
			children = (
				C2C1FF111A7177E8001E070E /* Classes */,
				C2551BC319BE1D8900A2D2E4 /* SLDubView.h */,
				C2551BC419BE1D8900A2D2E4 /* SLDubView.m */,
				C2551BC519BE1D8900A2D2E4 /* SLDubItem.h */,
				C2551BC619BE1D8900A2D2E4 /* SLDubItem.m */,
				C2551BC719BE1D8900A2D2E4 /* SLDub.h */,
				C220E3391A6F1C7C0078C098 /* UIImage+SLDub.h */,
				C220E33A1A6F1C7C0078C098 /* UIImage+SLDub.m */,
			);
			name = SLDub;
			path = ../SLDub;
			sourceTree = "<group>";
		};
		C2C1FF111A7177E8001E070E /* Classes */ = {
			isa = PBXGroup;
			children = (
				C2C1FF121A717858001E070E /* SLDubImagePunch.h */,
				C2C1FF131A717858001E070E /* SLDubImagePunch.m */,
			);
			path = Classes;
			sourceTree = "<group>";
		};
/* End PBXGroup section */

/* Begin PBXNativeTarget section */
		C2551B8119BE1A2600A2D2E4 /* SLDub-Example */ = {
			isa = PBXNativeTarget;
			buildConfigurationList = C2551BB719BE1A2600A2D2E4 /* Build configuration list for PBXNativeTarget "SLDub-Example" */;
			buildPhases = (
				C2551B7E19BE1A2600A2D2E4 /* Sources */,
				C2551B7F19BE1A2600A2D2E4 /* Frameworks */,
				C2551B8019BE1A2600A2D2E4 /* Resources */,
			);
			buildRules = (
			);
			dependencies = (
			);
			name = "SLDub-Example";
			productName = "SLDub-Example";
			productReference = C2551B8219BE1A2600A2D2E4 /* SLDub-Example.app */;
			productType = "com.apple.product-type.application";
		};
		C2551BA519BE1A2600A2D2E4 /* SLDub-ExampleTests */ = {
			isa = PBXNativeTarget;
			buildConfigurationList = C2551BBA19BE1A2600A2D2E4 /* Build configuration list for PBXNativeTarget "SLDub-ExampleTests" */;
			buildPhases = (
				C2551BA219BE1A2600A2D2E4 /* Sources */,
				C2551BA319BE1A2600A2D2E4 /* Frameworks */,
				C2551BA419BE1A2600A2D2E4 /* Resources */,
			);
			buildRules = (
			);
			dependencies = (
				C2551BAC19BE1A2600A2D2E4 /* PBXTargetDependency */,
			);
			name = "SLDub-ExampleTests";
			productName = "SLDub-ExampleTests";
			productReference = C2551BA619BE1A2600A2D2E4 /* SLDub-ExampleTests.xctest */;
			productType = "com.apple.product-type.bundle.unit-test";
		};
/* End PBXNativeTarget section */

/* Begin PBXProject section */
		C2551B7A19BE1A2600A2D2E4 /* Project object */ = {
			isa = PBXProject;
			attributes = {
				CLASSPREFIX = SL;
				LastUpgradeCheck = 0510;
				ORGANIZATIONNAME = "Swell Lines LLC";
				TargetAttributes = {
					C2551BA519BE1A2600A2D2E4 = {
						TestTargetID = C2551B8119BE1A2600A2D2E4;
					};
				};
			};
			buildConfigurationList = C2551B7D19BE1A2600A2D2E4 /* Build configuration list for PBXProject "SLDub-Example" */;
			compatibilityVersion = "Xcode 3.2";
			developmentRegion = English;
			hasScannedForEncodings = 0;
			knownRegions = (
				en,
				Base,
			);
			mainGroup = C2551B7919BE1A2600A2D2E4;
			productRefGroup = C2551B8319BE1A2600A2D2E4 /* Products */;
			projectDirPath = "";
			projectRoot = "";
			targets = (
				C2551B8119BE1A2600A2D2E4 /* SLDub-Example */,
				C2551BA519BE1A2600A2D2E4 /* SLDub-ExampleTests */,
			);
		};
/* End PBXProject section */

/* Begin PBXResourcesBuildPhase section */
		C2551B8019BE1A2600A2D2E4 /* Resources */ = {
			isa = PBXResourcesBuildPhase;
			buildActionMask = 2147483647;
			files = (
				C2551BA119BE1A2600A2D2E4 /* Images.xcassets in Resources */,
				C214065C19BE37BA002A64A3 /* sample.jpg in Resources */,
				C220E33D1A6F221F0078C098 /* big-drawn-circle@2x.png in Resources */,
				C2551B9019BE1A2600A2D2E4 /* InfoPlist.strings in Resources */,
			);
			runOnlyForDeploymentPostprocessing = 0;
		};
		C2551BA419BE1A2600A2D2E4 /* Resources */ = {
			isa = PBXResourcesBuildPhase;
			buildActionMask = 2147483647;
			files = (
				C2551BB219BE1A2600A2D2E4 /* InfoPlist.strings in Resources */,
			);
			runOnlyForDeploymentPostprocessing = 0;
		};
/* End PBXResourcesBuildPhase section */

/* Begin PBXSourcesBuildPhase section */
		C2551B7E19BE1A2600A2D2E4 /* Sources */ = {
			isa = PBXSourcesBuildPhase;
			buildActionMask = 2147483647;
			files = (
				C2C1FF141A717858001E070E /* SLDubImagePunch.m in Sources */,
				C2551B9219BE1A2600A2D2E4 /* main.m in Sources */,
				C2551B9F19BE1A2600A2D2E4 /* SLViewController.m in Sources */,
				C2551B9619BE1A2600A2D2E4 /* SLAppDelegate.m in Sources */,
				C2551BC919BE1D8900A2D2E4 /* SLDubItem.m in Sources */,
				C220E33B1A6F1C7C0078C098 /* UIImage+SLDub.m in Sources */,
				C2551BC819BE1D8900A2D2E4 /* SLDubView.m in Sources */,
			);
			runOnlyForDeploymentPostprocessing = 0;
		};
		C2551BA219BE1A2600A2D2E4 /* Sources */ = {
			isa = PBXSourcesBuildPhase;
			buildActionMask = 2147483647;
			files = (
				C2551BB419BE1A2600A2D2E4 /* SLDub_ExampleTests.m in Sources */,
			);
			runOnlyForDeploymentPostprocessing = 0;
		};
/* End PBXSourcesBuildPhase section */

/* Begin PBXTargetDependency section */
		C2551BAC19BE1A2600A2D2E4 /* PBXTargetDependency */ = {
			isa = PBXTargetDependency;
			target = C2551B8119BE1A2600A2D2E4 /* SLDub-Example */;
			targetProxy = C2551BAB19BE1A2600A2D2E4 /* PBXContainerItemProxy */;
		};
/* End PBXTargetDependency section */

/* Begin PBXVariantGroup section */
		C2551B8E19BE1A2600A2D2E4 /* InfoPlist.strings */ = {
			isa = PBXVariantGroup;
			children = (
				C2551B8F19BE1A2600A2D2E4 /* en */,
			);
			name = InfoPlist.strings;
			sourceTree = "<group>";
		};
		C2551BB019BE1A2600A2D2E4 /* InfoPlist.strings */ = {
			isa = PBXVariantGroup;
			children = (
				C2551BB119BE1A2600A2D2E4 /* en */,
			);
			name = InfoPlist.strings;
			sourceTree = "<group>";
		};
/* End PBXVariantGroup section */

/* Begin XCBuildConfiguration section */
		C2551BB519BE1A2600A2D2E4 /* Debug */ = {
			isa = XCBuildConfiguration;
			buildSettings = {
				ALWAYS_SEARCH_USER_PATHS = NO;
				CLANG_CXX_LANGUAGE_STANDARD = "gnu++0x";
				CLANG_CXX_LIBRARY = "libc++";
				CLANG_ENABLE_MODULES = YES;
				CLANG_ENABLE_OBJC_ARC = YES;
				CLANG_WARN_BOOL_CONVERSION = YES;
				CLANG_WARN_CONSTANT_CONVERSION = YES;
				CLANG_WARN_DIRECT_OBJC_ISA_USAGE = YES_ERROR;
				CLANG_WARN_EMPTY_BODY = YES;
				CLANG_WARN_ENUM_CONVERSION = YES;
				CLANG_WARN_INT_CONVERSION = YES;
				CLANG_WARN_OBJC_ROOT_CLASS = YES_ERROR;
				CLANG_WARN__DUPLICATE_METHOD_MATCH = YES;
				"CODE_SIGN_IDENTITY[sdk=iphoneos*]" = "iPhone Developer";
				COPY_PHASE_STRIP = NO;
				GCC_C_LANGUAGE_STANDARD = gnu99;
				GCC_DYNAMIC_NO_PIC = NO;
				GCC_OPTIMIZATION_LEVEL = 0;
				GCC_PREPROCESSOR_DEFINITIONS = (
					"DEBUG=1",
					"$(inherited)",
				);
				GCC_SYMBOLS_PRIVATE_EXTERN = NO;
				GCC_WARN_64_TO_32_BIT_CONVERSION = YES;
				GCC_WARN_ABOUT_RETURN_TYPE = YES_ERROR;
				GCC_WARN_UNDECLARED_SELECTOR = YES;
				GCC_WARN_UNINITIALIZED_AUTOS = YES_AGGRESSIVE;
				GCC_WARN_UNUSED_FUNCTION = YES;
				GCC_WARN_UNUSED_VARIABLE = YES;
				IPHONEOS_DEPLOYMENT_TARGET = 7.1;
				ONLY_ACTIVE_ARCH = YES;
				SDKROOT = iphoneos;
				TARGETED_DEVICE_FAMILY = "1,2";
			};
			name = Debug;
		};
		C2551BB619BE1A2600A2D2E4 /* Release */ = {
			isa = XCBuildConfiguration;
			buildSettings = {
				ALWAYS_SEARCH_USER_PATHS = NO;
				CLANG_CXX_LANGUAGE_STANDARD = "gnu++0x";
				CLANG_CXX_LIBRARY = "libc++";
				CLANG_ENABLE_MODULES = YES;
				CLANG_ENABLE_OBJC_ARC = YES;
				CLANG_WARN_BOOL_CONVERSION = YES;
				CLANG_WARN_CONSTANT_CONVERSION = YES;
				CLANG_WARN_DIRECT_OBJC_ISA_USAGE = YES_ERROR;
				CLANG_WARN_EMPTY_BODY = YES;
				CLANG_WARN_ENUM_CONVERSION = YES;
				CLANG_WARN_INT_CONVERSION = YES;
				CLANG_WARN_OBJC_ROOT_CLASS = YES_ERROR;
				CLANG_WARN__DUPLICATE_METHOD_MATCH = YES;
				"CODE_SIGN_IDENTITY[sdk=iphoneos*]" = "iPhone Developer";
				COPY_PHASE_STRIP = YES;
				ENABLE_NS_ASSERTIONS = NO;
				GCC_C_LANGUAGE_STANDARD = gnu99;
				GCC_WARN_64_TO_32_BIT_CONVERSION = YES;
				GCC_WARN_ABOUT_RETURN_TYPE = YES_ERROR;
				GCC_WARN_UNDECLARED_SELECTOR = YES;
				GCC_WARN_UNINITIALIZED_AUTOS = YES_AGGRESSIVE;
				GCC_WARN_UNUSED_FUNCTION = YES;
				GCC_WARN_UNUSED_VARIABLE = YES;
				IPHONEOS_DEPLOYMENT_TARGET = 7.1;
				SDKROOT = iphoneos;
				TARGETED_DEVICE_FAMILY = "1,2";
				VALIDATE_PRODUCT = YES;
			};
			name = Release;
		};
		C2551BB819BE1A2600A2D2E4 /* Debug */ = {
			isa = XCBuildConfiguration;
			buildSettings = {
				ASSETCATALOG_COMPILER_APPICON_NAME = AppIcon;
				ASSETCATALOG_COMPILER_LAUNCHIMAGE_NAME = LaunchImage;
				GCC_PRECOMPILE_PREFIX_HEADER = YES;
				GCC_PREFIX_HEADER = "SLDub-Example/SLDub-Example-Prefix.pch";
				INFOPLIST_FILE = "SLDub-Example/SLDub-Example-Info.plist";
				IPHONEOS_DEPLOYMENT_TARGET = 7.0;
				PRODUCT_NAME = "$(TARGET_NAME)";
				WRAPPER_EXTENSION = app;
			};
			name = Debug;
		};
		C2551BB919BE1A2600A2D2E4 /* Release */ = {
			isa = XCBuildConfiguration;
			buildSettings = {
				ASSETCATALOG_COMPILER_APPICON_NAME = AppIcon;
				ASSETCATALOG_COMPILER_LAUNCHIMAGE_NAME = LaunchImage;
				GCC_PRECOMPILE_PREFIX_HEADER = YES;
				GCC_PREFIX_HEADER = "SLDub-Example/SLDub-Example-Prefix.pch";
				INFOPLIST_FILE = "SLDub-Example/SLDub-Example-Info.plist";
				IPHONEOS_DEPLOYMENT_TARGET = 7.0;
				PRODUCT_NAME = "$(TARGET_NAME)";
				WRAPPER_EXTENSION = app;
			};
			name = Release;
		};
		C2551BBB19BE1A2600A2D2E4 /* Debug */ = {
			isa = XCBuildConfiguration;
			buildSettings = {
				BUNDLE_LOADER = "$(BUILT_PRODUCTS_DIR)/SLDub-Example.app/SLDub-Example";
				FRAMEWORK_SEARCH_PATHS = (
					"$(SDKROOT)/Developer/Library/Frameworks",
					"$(inherited)",
					"$(DEVELOPER_FRAMEWORKS_DIR)",
				);
				GCC_PRECOMPILE_PREFIX_HEADER = YES;
				GCC_PREFIX_HEADER = "SLDub-Example/SLDub-Example-Prefix.pch";
				GCC_PREPROCESSOR_DEFINITIONS = (
					"DEBUG=1",
					"$(inherited)",
				);
				INFOPLIST_FILE = "SLDub-ExampleTests/SLDub-ExampleTests-Info.plist";
				PRODUCT_NAME = "$(TARGET_NAME)";
				TEST_HOST = "$(BUNDLE_LOADER)";
				WRAPPER_EXTENSION = xctest;
			};
			name = Debug;
		};
		C2551BBC19BE1A2600A2D2E4 /* Release */ = {
			isa = XCBuildConfiguration;
			buildSettings = {
				BUNDLE_LOADER = "$(BUILT_PRODUCTS_DIR)/SLDub-Example.app/SLDub-Example";
				FRAMEWORK_SEARCH_PATHS = (
					"$(SDKROOT)/Developer/Library/Frameworks",
					"$(inherited)",
					"$(DEVELOPER_FRAMEWORKS_DIR)",
				);
				GCC_PRECOMPILE_PREFIX_HEADER = YES;
				GCC_PREFIX_HEADER = "SLDub-Example/SLDub-Example-Prefix.pch";
				INFOPLIST_FILE = "SLDub-ExampleTests/SLDub-ExampleTests-Info.plist";
				PRODUCT_NAME = "$(TARGET_NAME)";
				TEST_HOST = "$(BUNDLE_LOADER)";
				WRAPPER_EXTENSION = xctest;
			};
			name = Release;
		};
/* End XCBuildConfiguration section */

/* Begin XCConfigurationList section */
		C2551B7D19BE1A2600A2D2E4 /* Build configuration list for PBXProject "SLDub-Example" */ = {
			isa = XCConfigurationList;
			buildConfigurations = (
				C2551BB519BE1A2600A2D2E4 /* Debug */,
				C2551BB619BE1A2600A2D2E4 /* Release */,
			);
			defaultConfigurationIsVisible = 0;
			defaultConfigurationName = Release;
		};
		C2551BB719BE1A2600A2D2E4 /* Build configuration list for PBXNativeTarget "SLDub-Example" */ = {
			isa = XCConfigurationList;
			buildConfigurations = (
				C2551BB819BE1A2600A2D2E4 /* Debug */,
				C2551BB919BE1A2600A2D2E4 /* Release */,
			);
			defaultConfigurationIsVisible = 0;
			defaultConfigurationName = Release;
		};
		C2551BBA19BE1A2600A2D2E4 /* Build configuration list for PBXNativeTarget "SLDub-ExampleTests" */ = {
			isa = XCConfigurationList;
			buildConfigurations = (
				C2551BBB19BE1A2600A2D2E4 /* Debug */,
				C2551BBC19BE1A2600A2D2E4 /* Release */,
			);
			defaultConfigurationIsVisible = 0;
			defaultConfigurationName = Release;
		};
/* End XCConfigurationList section */
	};
	rootObject = C2551B7A19BE1A2600A2D2E4 /* Project object */;
}
